
Microsoft Visual Studio Solution File, Format Version 12.00
# Visual Studio 2012
Project("{2150E333-8FDC-42A3-9474-1A3956D46DE8}") = "HomeWork1", "HomeWork1", "{219A4AC4-96DD-4FB9-81EE-E9CCA5D9C889}"
EndProject
Project("{FAE04EC0-301F-11D3-BF4B-00C04F79EFBC}") = "HomeWork1.PhoneUI", "HomeWork1.PhoneUI\HomeWork1.PhoneUI.csproj", "{32B20BA0-DF45-41F4-8307-6C99B07BE640}"
EndProject
Project("{2150E333-8FDC-42A3-9474-1A3956D46DE8}") = "HomeWork2", "HomeWork2", "{C860D0A4-7E1E-46B0-B27E-ABCE96852154}"
EndProject
Project("{FAE04EC0-301F-11D3-BF4B-00C04F79EFBC}") = "HomeWork2.PhoneUI", "HomeWork2.PhoneUI\HomeWork2.PhoneUI.csproj", "{FCDF0C93-3C52-4AF0-8805-0ABEAAFDDB1B}"
EndProject
Project("{FAE04EC0-301F-11D3-BF4B-00C04F79EFBC}") = "HomeWork2.WinStoreUI", "HomeWork2.WinStoreUI\HomeWork2.WinStoreUI.csproj", "{AA139F1D-D9AD-4DD8-98B0-6A7EEC240D49}"
EndProject
Project("{FAE04EC0-301F-11D3-BF4B-00C04F79EFBC}") = "HomeWork2.Shared", "HomeWork2.Shared\HomeWork2.Shared.csproj", "{DE935C6C-F631-46EA-91B1-3A5F1BDAB427}"
EndProject
Project("{FAE04EC0-301F-11D3-BF4B-00C04F79EFBC}") = "HomeWork2.WinStore.Shared", "HomeWork2.WinStore.Shared\HomeWork2.WinStore.Shared.csproj", "{18D6A56C-EA4B-4280-9764-07C4F9FD4605}"
EndProject
Project("{FAE04EC0-301F-11D3-BF4B-00C04F79EFBC}") = "HomeWork2.Phone.Shared", "HomeWork2.Phone.Shared\HomeWork2.Phone.Shared.csproj", "{C1BBF557-EEA4-4D93-AB1C-4949AE6DA0FF}"
EndProject
Global
	GlobalSection(SolutionConfigurationPlatforms) = preSolution
		Debug|Any CPU = Debug|Any CPU
		Debug|ARM = Debug|ARM
		Debug|x64 = Debug|x64
		Debug|x86 = Debug|x86
		Release|Any CPU = Release|Any CPU
		Release|ARM = Release|ARM
		Release|x64 = Release|x64
		Release|x86 = Release|x86
	EndGlobalSection
	GlobalSection(ProjectConfigurationPlatforms) = postSolution
		{32B20BA0-DF45-41F4-8307-6C99B07BE640}.Debug|Any CPU.ActiveCfg = Debug|Any CPU
		{32B20BA0-DF45-41F4-8307-6C99B07BE640}.Debug|Any CPU.Build.0 = Debug|Any CPU
		{32B20BA0-DF45-41F4-8307-6C99B07BE640}.Debug|Any CPU.Deploy.0 = Debug|Any CPU
		{32B20BA0-DF45-41F4-8307-6C99B07BE640}.Debug|ARM.ActiveCfg = Debug|ARM
		{32B20BA0-DF45-41F4-8307-6C99B07BE640}.Debug|ARM.Build.0 = Debug|ARM
		{32B20BA0-DF45-41F4-8307-6C99B07BE640}.Debug|ARM.Deploy.0 = Debug|ARM
		{32B20BA0-DF45-41F4-8307-6C99B07BE640}.Debug|x64.ActiveCfg = Debug|Any CPU
		{32B20BA0-DF45-41F4-8307-6C99B07BE640}.Debug|x86.ActiveCfg = Debug|x86
		{32B20BA0-DF45-41F4-8307-6C99B07BE640}.Debug|x86.Build.0 = Debug|x86
		{32B20BA0-DF45-41F4-8307-6C99B07BE640}.Debug|x86.Deploy.0 = Debug|x86
		{32B20BA0-DF45-41F4-8307-6C99B07BE640}.Release|Any CPU.ActiveCfg = Release|Any CPU
		{32B20BA0-DF45-41F4-8307-6C99B07BE640}.Release|Any CPU.Build.0 = Release|Any CPU
		{32B20BA0-DF45-41F4-8307-6C99B07BE640}.Release|Any CPU.Deploy.0 = Release|Any CPU
		{32B20BA0-DF45-41F4-8307-6C99B07BE640}.Release|ARM.ActiveCfg = Release|ARM
		{32B20BA0-DF45-41F4-8307-6C99B07BE640}.Release|ARM.Build.0 = Release|ARM
		{32B20BA0-DF45-41F4-8307-6C99B07BE640}.Release|ARM.Deploy.0 = Release|ARM
		{32B20BA0-DF45-41F4-8307-6C99B07BE640}.Release|x64.ActiveCfg = Release|Any CPU
		{32B20BA0-DF45-41F4-8307-6C99B07BE640}.Release|x86.ActiveCfg = Release|x86
		{32B20BA0-DF45-41F4-8307-6C99B07BE640}.Release|x86.Build.0 = Release|x86
		{32B20BA0-DF45-41F4-8307-6C99B07BE640}.Release|x86.Deploy.0 = Release|x86
		{FCDF0C93-3C52-4AF0-8805-0ABEAAFDDB1B}.Debug|Any CPU.ActiveCfg = Debug|Any CPU
		{FCDF0C93-3C52-4AF0-8805-0ABEAAFDDB1B}.Debug|Any CPU.Build.0 = Debug|Any CPU
		{FCDF0C93-3C52-4AF0-8805-0ABEAAFDDB1B}.Debug|Any CPU.Deploy.0 = Debug|Any CPU
		{FCDF0C93-3C52-4AF0-8805-0ABEAAFDDB1B}.Debug|ARM.ActiveCfg = Debug|ARM
		{FCDF0C93-3C52-4AF0-8805-0ABEAAFDDB1B}.Debug|ARM.Build.0 = Debug|ARM
		{FCDF0C93-3C52-4AF0-8805-0ABEAAFDDB1B}.Debug|ARM.Deploy.0 = Debug|ARM
		{FCDF0C93-3C52-4AF0-8805-0ABEAAFDDB1B}.Debug|x64.ActiveCfg = Debug|Any CPU
		{FCDF0C93-3C52-4AF0-8805-0ABEAAFDDB1B}.Debug|x86.ActiveCfg = Debug|x86
		{FCDF0C93-3C52-4AF0-8805-0ABEAAFDDB1B}.Debug|x86.Build.0 = Debug|x86
		{FCDF0C93-3C52-4AF0-8805-0ABEAAFDDB1B}.Debug|x86.Deploy.0 = Debug|x86
		{FCDF0C93-3C52-4AF0-8805-0ABEAAFDDB1B}.Release|Any CPU.ActiveCfg = Release|Any CPU
		{FCDF0C93-3C52-4AF0-8805-0ABEAAFDDB1B}.Release|Any CPU.Build.0 = Release|Any CPU
		{FCDF0C93-3C52-4AF0-8805-0ABEAAFDDB1B}.Release|Any CPU.Deploy.0 = Release|Any CPU
		{FCDF0C93-3C52-4AF0-8805-0ABEAAFDDB1B}.Release|ARM.ActiveCfg = Release|ARM
		{FCDF0C93-3C52-4AF0-8805-0ABEAAFDDB1B}.Release|ARM.Build.0 = Release|ARM
		{FCDF0C93-3C52-4AF0-8805-0ABEAAFDDB1B}.Release|ARM.Deploy.0 = Release|ARM
		{FCDF0C93-3C52-4AF0-8805-0ABEAAFDDB1B}.Release|x64.ActiveCfg = Release|Any CPU
		{FCDF0C93-3C52-4AF0-8805-0ABEAAFDDB1B}.Release|x86.ActiveCfg = Release|x86
		{FCDF0C93-3C52-4AF0-8805-0ABEAAFDDB1B}.Release|x86.Build.0 = Release|x86
		{FCDF0C93-3C52-4AF0-8805-0ABEAAFDDB1B}.Release|x86.Deploy.0 = Release|x86
		{AA139F1D-D9AD-4DD8-98B0-6A7EEC240D49}.Debug|Any CPU.ActiveCfg = Debug|Any CPU
		{AA139F1D-D9AD-4DD8-98B0-6A7EEC240D49}.Debug|Any CPU.Build.0 = Debug|Any CPU
		{AA139F1D-D9AD-4DD8-98B0-6A7EEC240D49}.Debug|Any CPU.Deploy.0 = Debug|Any CPU
		{AA139F1D-D9AD-4DD8-98B0-6A7EEC240D49}.Debug|ARM.ActiveCfg = Debug|ARM
		{AA139F1D-D9AD-4DD8-98B0-6A7EEC240D49}.Debug|ARM.Build.0 = Debug|ARM
		{AA139F1D-D9AD-4DD8-98B0-6A7EEC240D49}.Debug|ARM.Deploy.0 = Debug|ARM
		{AA139F1D-D9AD-4DD8-98B0-6A7EEC240D49}.Debug|x64.ActiveCfg = Debug|x64
		{AA139F1D-D9AD-4DD8-98B0-6A7EEC240D49}.Debug|x64.Build.0 = Debug|x64
		{AA139F1D-D9AD-4DD8-98B0-6A7EEC240D49}.Debug|x64.Deploy.0 = Debug|x64
		{AA139F1D-D9AD-4DD8-98B0-6A7EEC240D49}.Debug|x86.ActiveCfg = Debug|x86
		{AA139F1D-D9AD-4DD8-98B0-6A7EEC240D49}.Debug|x86.Build.0 = Debug|x86
		{AA139F1D-D9AD-4DD8-98B0-6A7EEC240D49}.Debug|x86.Deploy.0 = Debug|x86
		{AA139F1D-D9AD-4DD8-98B0-6A7EEC240D49}.Release|Any CPU.ActiveCfg = Release|Any CPU
		{AA139F1D-D9AD-4DD8-98B0-6A7EEC240D49}.Release|Any CPU.Build.0 = Release|Any CPU
		{AA139F1D-D9AD-4DD8-98B0-6A7EEC240D49}.Release|Any CPU.Deploy.0 = Release|Any CPU
		{AA139F1D-D9AD-4DD8-98B0-6A7EEC240D49}.Release|ARM.ActiveCfg = Release|ARM
		{AA139F1D-D9AD-4DD8-98B0-6A7EEC240D49}.Release|ARM.Build.0 = Release|ARM
		{AA139F1D-D9AD-4DD8-98B0-6A7EEC240D49}.Release|ARM.Deploy.0 = Release|ARM
		{AA139F1D-D9AD-4DD8-98B0-6A7EEC240D49}.Release|x64.ActiveCfg = Release|x64
		{AA139F1D-D9AD-4DD8-98B0-6A7EEC240D49}.Release|x64.Build.0 = Release|x64
		{AA139F1D-D9AD-4DD8-98B0-6A7EEC240D49}.Release|x64.Deploy.0 = Release|x64
		{AA139F1D-D9AD-4DD8-98B0-6A7EEC240D49}.Release|x86.ActiveCfg = Release|x86
		{AA139F1D-D9AD-4DD8-98B0-6A7EEC240D49}.Release|x86.Build.0 = Release|x86
		{AA139F1D-D9AD-4DD8-98B0-6A7EEC240D49}.Release|x86.Deploy.0 = Release|x86
		{DE935C6C-F631-46EA-91B1-3A5F1BDAB427}.Debug|Any CPU.ActiveCfg = Debug|Any CPU
		{DE935C6C-F631-46EA-91B1-3A5F1BDAB427}.Debug|Any CPU.Build.0 = Debug|Any CPU
		{DE935C6C-F631-46EA-91B1-3A5F1BDAB427}.Debug|ARM.ActiveCfg = Debug|Any CPU
		{DE935C6C-F631-46EA-91B1-3A5F1BDAB427}.Debug|x64.ActiveCfg = Debug|Any CPU
		{DE935C6C-F631-46EA-91B1-3A5F1BDAB427}.Debug|x86.ActiveCfg = Debug|Any CPU
		{DE935C6C-F631-46EA-91B1-3A5F1BDAB427}.Release|Any CPU.ActiveCfg = Release|Any CPU
		{DE935C6C-F631-46EA-91B1-3A5F1BDAB427}.Release|Any CPU.Build.0 = Release|Any CPU
		{DE935C6C-F631-46EA-91B1-3A5F1BDAB427}.Release|ARM.ActiveCfg = Release|Any CPU
		{DE935C6C-F631-46EA-91B1-3A5F1BDAB427}.Release|x64.ActiveCfg = Release|Any CPU
		{DE935C6C-F631-46EA-91B1-3A5F1BDAB427}.Release|x86.ActiveCfg = Release|Any CPU
		{18D6A56C-EA4B-4280-9764-07C4F9FD4605}.Debug|Any CPU.ActiveCfg = Debug|Any CPU
		{18D6A56C-EA4B-4280-9764-07C4F9FD4605}.Debug|Any CPU.Build.0 = Debug|Any CPU
		{18D6A56C-EA4B-4280-9764-07C4F9FD4605}.Debug|ARM.ActiveCfg = Debug|ARM
		{18D6A56C-EA4B-4280-9764-07C4F9FD4605}.Debug|ARM.Build.0 = Debug|ARM
		{18D6A56C-EA4B-4280-9764-07C4F9FD4605}.Debug|x64.ActiveCfg = Debug|x64
		{18D6A56C-EA4B-4280-9764-07C4F9FD4605}.Debug|x64.Build.0 = Debug|x64
		{18D6A56C-EA4B-4280-9764-07C4F9FD4605}.Debug|x86.ActiveCfg = Debug|x86
		{18D6A56C-EA4B-4280-9764-07C4F9FD4605}.Debug|x86.Build.0 = Debug|x86
		{18D6A56C-EA4B-4280-9764-07C4F9FD4605}.Release|Any CPU.ActiveCfg = Release|Any CPU
		{18D6A56C-EA4B-4280-9764-07C4F9FD4605}.Release|Any CPU.Build.0 = Release|Any CPU
		{18D6A56C-EA4B-4280-9764-07C4F9FD4605}.Release|ARM.ActiveCfg = Release|ARM
		{18D6A56C-EA4B-4280-9764-07C4F9FD4605}.Release|ARM.Build.0 = Release|ARM
		{18D6A56C-EA4B-4280-9764-07C4F9FD4605}.Release|x64.ActiveCfg = Release|x64
		{18D6A56C-EA4B-4280-9764-07C4F9FD4605}.Release|x64.Build.0 = Release|x64
		{18D6A56C-EA4B-4280-9764-07C4F9FD4605}.Release|x86.ActiveCfg = Release|x86
		{18D6A56C-EA4B-4280-9764-07C4F9FD4605}.Release|x86.Build.0 = Release|x86
		{C1BBF557-EEA4-4D93-AB1C-4949AE6DA0FF}.Debug|Any CPU.ActiveCfg = Debug|Any CPU
		{C1BBF557-EEA4-4D93-AB1C-4949AE6DA0FF}.Debug|Any CPU.Build.0 = Debug|Any CPU
		{C1BBF557-EEA4-4D93-AB1C-4949AE6DA0FF}.Debug|ARM.ActiveCfg = Debug|ARM
		{C1BBF557-EEA4-4D93-AB1C-4949AE6DA0FF}.Debug|ARM.Build.0 = Debug|ARM
		{C1BBF557-EEA4-4D93-AB1C-4949AE6DA0FF}.Debug|x64.ActiveCfg = Debug|Any CPU
		{C1BBF557-EEA4-4D93-AB1C-4949AE6DA0FF}.Debug|x86.ActiveCfg = Debug|x86
		{C1BBF557-EEA4-4D93-AB1C-4949AE6DA0FF}.Debug|x86.Build.0 = Debug|x86
		{C1BBF557-EEA4-4D93-AB1C-4949AE6DA0FF}.Release|Any CPU.ActiveCfg = Release|Any CPU
		{C1BBF557-EEA4-4D93-AB1C-4949AE6DA0FF}.Release|Any CPU.Build.0 = Release|Any CPU
		{C1BBF557-EEA4-4D93-AB1C-4949AE6DA0FF}.Release|ARM.ActiveCfg = Release|ARM
		{C1BBF557-EEA4-4D93-AB1C-4949AE6DA0FF}.Release|ARM.Build.0 = Release|ARM
		{C1BBF557-EEA4-4D93-AB1C-4949AE6DA0FF}.Release|x64.ActiveCfg = Release|Any CPU
		{C1BBF557-EEA4-4D93-AB1C-4949AE6DA0FF}.Release|x86.ActiveCfg = Release|x86
		{C1BBF557-EEA4-4D93-AB1C-4949AE6DA0FF}.Release|x86.Build.0 = Release|x86
	EndGlobalSection
	GlobalSection(SolutionProperties) = preSolution
		HideSolutionNode = FALSE
	EndGlobalSection
	GlobalSection(NestedProjects) = preSolution
		{32B20BA0-DF45-41F4-8307-6C99B07BE640} = {219A4AC4-96DD-4FB9-81EE-E9CCA5D9C889}
		{FCDF0C93-3C52-4AF0-8805-0ABEAAFDDB1B} = {C860D0A4-7E1E-46B0-B27E-ABCE96852154}
		{AA139F1D-D9AD-4DD8-98B0-6A7EEC240D49} = {C860D0A4-7E1E-46B0-B27E-ABCE96852154}
		{DE935C6C-F631-46EA-91B1-3A5F1BDAB427} = {C860D0A4-7E1E-46B0-B27E-ABCE96852154}
		{18D6A56C-EA4B-4280-9764-07C4F9FD4605} = {C860D0A4-7E1E-46B0-B27E-ABCE96852154}
		{C1BBF557-EEA4-4D93-AB1C-4949AE6DA0FF} = {C860D0A4-7E1E-46B0-B27E-ABCE96852154}
	EndGlobalSection
EndGlobal
