
Microsoft Visual Studio Solution File, Format Version 12.00
# Visual Studio 2012
Project("{2150E333-8FDC-42A3-9474-1A3956D46DE8}") = "HomeWork1", "HomeWork1", "{219A4AC4-96DD-4FB9-81EE-E9CCA5D9C889}"
EndProject
Project("{FAE04EC0-301F-11D3-BF4B-00C04F79EFBC}") = "HomeWork1.PhoneUI", "HomeWork1.PhoneUI\HomeWork1.PhoneUI.csproj", "{32B20BA0-DF45-41F4-8307-6C99B07BE640}"
EndProject
Project("{2150E333-8FDC-42A3-9474-1A3956D46DE8}") = "HomeWork2", "HomeWork2", "{C860D0A4-7E1E-46B0-B27E-ABCE96852154}"
EndProject
Project("{FAE04EC0-301F-11D3-BF4B-00C04F79EFBC}") = "HomeWork2.PhoneUI", "HomeWork2.PhoneUI\HomeWork2.PhoneUI.csproj", "{FCDF0C93-3C52-4AF0-8805-0ABEAAFDDB1B}"
EndProject
Project("{FAE04EC0-301F-11D3-BF4B-00C04F79EFBC}") = "HomeWork2.WinStoreUI", "HomeWork2.WinStoreUI\HomeWork2.WinStoreUI.csproj", "{AA139F1D-D9AD-4DD8-98B0-6A7EEC240D49}"
EndProject
Project("{FAE04EC0-301F-11D3-BF4B-00C04F79EFBC}") = "HomeWork2.Shared", "HomeWork2.Shared\HomeWork2.Shared.csproj", "{DE935C6C-F631-46EA-91B1-3A5F1BDAB427}"
EndProject
Project("{FAE04EC0-301F-11D3-BF4B-00C04F79EFBC}") = "HomeWork2.Phone.Shared", "HomeWork2.Phone.Shared\HomeWork2.Phone.Shared.csproj", "{C1BBF557-EEA4-4D93-AB1C-4949AE6DA0FF}"
EndProject
Project("{FAE04EC0-301F-11D3-BF4B-00C04F79EFBC}") = "HomeWork2.WinStore.Shared", "HomeWork2.WinStore.Shared\HomeWork2.WinStore.Shared.csproj", "{A8676CFB-3FF6-446E-9F66-54CA7848431C}"
EndProject
Project("{2150E333-8FDC-42A3-9474-1A3956D46DE8}") = "HomeWork3", "HomeWork3", "{B7ACA1F4-2228-4D40-8AF0-EE58330DFFF4}"
EndProject
Project("{FAE04EC0-301F-11D3-BF4B-00C04F79EFBC}") = "HomeWork3.ScreenPhoto", "HomeWork3.ScreenPhoto\HomeWork3.ScreenPhoto.csproj", "{00F8F6FB-DA15-49FE-B1A6-FC5FBF38366B}"
EndProject
Project("{FAE04EC0-301F-11D3-BF4B-00C04F79EFBC}") = "HomeWork3.ScheduledTaskAgent", "HomeWork3.ScheduledTaskAgent\HomeWork3.ScheduledTaskAgent.csproj", "{D40C5E97-16A3-4651-89FF-9A30D87E0770}"
EndProject
Project("{FAE04EC0-301F-11D3-BF4B-00C04F79EFBC}") = "HomeWork3.PhoneServices", "HomeWork3.TileTemplater\HomeWork3.PhoneServices.csproj", "{4F55B516-B3D4-4FCB-9A1C-09BE4FA7D0B1}"
EndProject
Project("{FAE04EC0-301F-11D3-BF4B-00C04F79EFBC}") = "HomeWork3.WeatherInfo", "HomeWork3.WeatherInfo\HomeWork3.WeatherInfo.csproj", "{6580F86A-E5DE-4729-A9CD-7EFB50375619}"
EndProject
Project("{FAE04EC0-301F-11D3-BF4B-00C04F79EFBC}") = "HomeWork3.Transpreter", "HomeWork3.Transpreter\HomeWork3.Transpreter.csproj", "{6334042D-46F4-4F63-9742-FCE7DD564941}"
EndProject
Project("{FAE04EC0-301F-11D3-BF4B-00C04F79EFBC}") = "Webservicex.TranslateService", "Webservicex.TranslateService\Webservicex.TranslateService.csproj", "{B49F93C4-D44A-4B5D-96B6-99936D3ED595}"
EndProject
Project("{FAE04EC0-301F-11D3-BF4B-00C04F79EFBC}") = "HomeWork3.NotifyScheduleTaskAgent", "HomeWork3.NotifyScheduleTaskAgent\HomeWork3.NotifyScheduleTaskAgent.csproj", "{38A58BED-2BCF-4385-888F-7E19FBA2CAB2}"
EndProject
Project("{2150E333-8FDC-42A3-9474-1A3956D46DE8}") = "HomeWork4", "HomeWork4", "{11A5A1B9-63A2-4807-B33C-5FC59F1B3E69}"
EndProject
Project("{2150E333-8FDC-42A3-9474-1A3956D46DE8}") = "HomeWork5", "HomeWork5", "{0A54C733-1354-44F5-826B-57D93E7EC3F7}"
EndProject
Project("{2150E333-8FDC-42A3-9474-1A3956D46DE8}") = "HomeWorkEx", "HomeWorkEx", "{E0609847-4C42-4929-A91A-F0C19340A9E9}"
EndProject
Project("{FAE04EC0-301F-11D3-BF4B-00C04F79EFBC}") = "HomeWorkEx.MyNotes", "HomeWorkEx.MyNotes\HomeWorkEx.MyNotes.csproj", "{80368326-8FD8-4893-937F-D75ED34A9019}"
EndProject
Global
	GlobalSection(SolutionConfigurationPlatforms) = preSolution
		Debug|Any CPU = Debug|Any CPU
		Debug|ARM = Debug|ARM
		Debug|x64 = Debug|x64
		Debug|x86 = Debug|x86
		Release|Any CPU = Release|Any CPU
		Release|ARM = Release|ARM
		Release|x64 = Release|x64
		Release|x86 = Release|x86
	EndGlobalSection
	GlobalSection(ProjectConfigurationPlatforms) = postSolution
		{32B20BA0-DF45-41F4-8307-6C99B07BE640}.Debug|Any CPU.ActiveCfg = Debug|Any CPU
		{32B20BA0-DF45-41F4-8307-6C99B07BE640}.Debug|Any CPU.Build.0 = Debug|Any CPU
		{32B20BA0-DF45-41F4-8307-6C99B07BE640}.Debug|Any CPU.Deploy.0 = Debug|Any CPU
		{32B20BA0-DF45-41F4-8307-6C99B07BE640}.Debug|ARM.ActiveCfg = Debug|ARM
		{32B20BA0-DF45-41F4-8307-6C99B07BE640}.Debug|ARM.Build.0 = Debug|ARM
		{32B20BA0-DF45-41F4-8307-6C99B07BE640}.Debug|ARM.Deploy.0 = Debug|ARM
		{32B20BA0-DF45-41F4-8307-6C99B07BE640}.Debug|x64.ActiveCfg = Debug|Any CPU
		{32B20BA0-DF45-41F4-8307-6C99B07BE640}.Debug|x86.ActiveCfg = Debug|x86
		{32B20BA0-DF45-41F4-8307-6C99B07BE640}.Debug|x86.Build.0 = Debug|x86
		{32B20BA0-DF45-41F4-8307-6C99B07BE640}.Debug|x86.Deploy.0 = Debug|x86
		{32B20BA0-DF45-41F4-8307-6C99B07BE640}.Release|Any CPU.ActiveCfg = Release|Any CPU
		{32B20BA0-DF45-41F4-8307-6C99B07BE640}.Release|Any CPU.Build.0 = Release|Any CPU
		{32B20BA0-DF45-41F4-8307-6C99B07BE640}.Release|Any CPU.Deploy.0 = Release|Any CPU
		{32B20BA0-DF45-41F4-8307-6C99B07BE640}.Release|ARM.ActiveCfg = Release|ARM
		{32B20BA0-DF45-41F4-8307-6C99B07BE640}.Release|ARM.Build.0 = Release|ARM
		{32B20BA0-DF45-41F4-8307-6C99B07BE640}.Release|ARM.Deploy.0 = Release|ARM
		{32B20BA0-DF45-41F4-8307-6C99B07BE640}.Release|x64.ActiveCfg = Release|Any CPU
		{32B20BA0-DF45-41F4-8307-6C99B07BE640}.Release|x86.ActiveCfg = Release|x86
		{32B20BA0-DF45-41F4-8307-6C99B07BE640}.Release|x86.Build.0 = Release|x86
		{32B20BA0-DF45-41F4-8307-6C99B07BE640}.Release|x86.Deploy.0 = Release|x86
		{FCDF0C93-3C52-4AF0-8805-0ABEAAFDDB1B}.Debug|Any CPU.ActiveCfg = Debug|Any CPU
		{FCDF0C93-3C52-4AF0-8805-0ABEAAFDDB1B}.Debug|Any CPU.Build.0 = Debug|Any CPU
		{FCDF0C93-3C52-4AF0-8805-0ABEAAFDDB1B}.Debug|Any CPU.Deploy.0 = Debug|Any CPU
		{FCDF0C93-3C52-4AF0-8805-0ABEAAFDDB1B}.Debug|ARM.ActiveCfg = Debug|ARM
		{FCDF0C93-3C52-4AF0-8805-0ABEAAFDDB1B}.Debug|ARM.Build.0 = Debug|ARM
		{FCDF0C93-3C52-4AF0-8805-0ABEAAFDDB1B}.Debug|ARM.Deploy.0 = Debug|ARM
		{FCDF0C93-3C52-4AF0-8805-0ABEAAFDDB1B}.Debug|x64.ActiveCfg = Debug|Any CPU
		{FCDF0C93-3C52-4AF0-8805-0ABEAAFDDB1B}.Debug|x86.ActiveCfg = Debug|x86
		{FCDF0C93-3C52-4AF0-8805-0ABEAAFDDB1B}.Debug|x86.Build.0 = Debug|x86
		{FCDF0C93-3C52-4AF0-8805-0ABEAAFDDB1B}.Debug|x86.Deploy.0 = Debug|x86
		{FCDF0C93-3C52-4AF0-8805-0ABEAAFDDB1B}.Release|Any CPU.ActiveCfg = Release|Any CPU
		{FCDF0C93-3C52-4AF0-8805-0ABEAAFDDB1B}.Release|Any CPU.Build.0 = Release|Any CPU
		{FCDF0C93-3C52-4AF0-8805-0ABEAAFDDB1B}.Release|Any CPU.Deploy.0 = Release|Any CPU
		{FCDF0C93-3C52-4AF0-8805-0ABEAAFDDB1B}.Release|ARM.ActiveCfg = Release|ARM
		{FCDF0C93-3C52-4AF0-8805-0ABEAAFDDB1B}.Release|ARM.Build.0 = Release|ARM
		{FCDF0C93-3C52-4AF0-8805-0ABEAAFDDB1B}.Release|ARM.Deploy.0 = Release|ARM
		{FCDF0C93-3C52-4AF0-8805-0ABEAAFDDB1B}.Release|x64.ActiveCfg = Release|Any CPU
		{FCDF0C93-3C52-4AF0-8805-0ABEAAFDDB1B}.Release|x86.ActiveCfg = Release|x86
		{FCDF0C93-3C52-4AF0-8805-0ABEAAFDDB1B}.Release|x86.Build.0 = Release|x86
		{FCDF0C93-3C52-4AF0-8805-0ABEAAFDDB1B}.Release|x86.Deploy.0 = Release|x86
		{AA139F1D-D9AD-4DD8-98B0-6A7EEC240D49}.Debug|Any CPU.ActiveCfg = Debug|Any CPU
		{AA139F1D-D9AD-4DD8-98B0-6A7EEC240D49}.Debug|Any CPU.Build.0 = Debug|Any CPU
		{AA139F1D-D9AD-4DD8-98B0-6A7EEC240D49}.Debug|Any CPU.Deploy.0 = Debug|Any CPU
		{AA139F1D-D9AD-4DD8-98B0-6A7EEC240D49}.Debug|ARM.ActiveCfg = Debug|ARM
		{AA139F1D-D9AD-4DD8-98B0-6A7EEC240D49}.Debug|ARM.Build.0 = Debug|ARM
		{AA139F1D-D9AD-4DD8-98B0-6A7EEC240D49}.Debug|ARM.Deploy.0 = Debug|ARM
		{AA139F1D-D9AD-4DD8-98B0-6A7EEC240D49}.Debug|x64.ActiveCfg = Debug|x64
		{AA139F1D-D9AD-4DD8-98B0-6A7EEC240D49}.Debug|x64.Build.0 = Debug|x64
		{AA139F1D-D9AD-4DD8-98B0-6A7EEC240D49}.Debug|x64.Deploy.0 = Debug|x64
		{AA139F1D-D9AD-4DD8-98B0-6A7EEC240D49}.Debug|x86.ActiveCfg = Debug|x86
		{AA139F1D-D9AD-4DD8-98B0-6A7EEC240D49}.Debug|x86.Build.0 = Debug|x86
		{AA139F1D-D9AD-4DD8-98B0-6A7EEC240D49}.Debug|x86.Deploy.0 = Debug|x86
		{AA139F1D-D9AD-4DD8-98B0-6A7EEC240D49}.Release|Any CPU.ActiveCfg = Release|Any CPU
		{AA139F1D-D9AD-4DD8-98B0-6A7EEC240D49}.Release|Any CPU.Build.0 = Release|Any CPU
		{AA139F1D-D9AD-4DD8-98B0-6A7EEC240D49}.Release|Any CPU.Deploy.0 = Release|Any CPU
		{AA139F1D-D9AD-4DD8-98B0-6A7EEC240D49}.Release|ARM.ActiveCfg = Release|ARM
		{AA139F1D-D9AD-4DD8-98B0-6A7EEC240D49}.Release|ARM.Build.0 = Release|ARM
		{AA139F1D-D9AD-4DD8-98B0-6A7EEC240D49}.Release|ARM.Deploy.0 = Release|ARM
		{AA139F1D-D9AD-4DD8-98B0-6A7EEC240D49}.Release|x64.ActiveCfg = Release|x64
		{AA139F1D-D9AD-4DD8-98B0-6A7EEC240D49}.Release|x64.Build.0 = Release|x64
		{AA139F1D-D9AD-4DD8-98B0-6A7EEC240D49}.Release|x64.Deploy.0 = Release|x64
		{AA139F1D-D9AD-4DD8-98B0-6A7EEC240D49}.Release|x86.ActiveCfg = Release|x86
		{AA139F1D-D9AD-4DD8-98B0-6A7EEC240D49}.Release|x86.Build.0 = Release|x86
		{AA139F1D-D9AD-4DD8-98B0-6A7EEC240D49}.Release|x86.Deploy.0 = Release|x86
		{DE935C6C-F631-46EA-91B1-3A5F1BDAB427}.Debug|Any CPU.ActiveCfg = Debug|Any CPU
		{DE935C6C-F631-46EA-91B1-3A5F1BDAB427}.Debug|Any CPU.Build.0 = Debug|Any CPU
		{DE935C6C-F631-46EA-91B1-3A5F1BDAB427}.Debug|ARM.ActiveCfg = Debug|Any CPU
		{DE935C6C-F631-46EA-91B1-3A5F1BDAB427}.Debug|x64.ActiveCfg = Debug|Any CPU
		{DE935C6C-F631-46EA-91B1-3A5F1BDAB427}.Debug|x86.ActiveCfg = Debug|Any CPU
		{DE935C6C-F631-46EA-91B1-3A5F1BDAB427}.Release|Any CPU.ActiveCfg = Release|Any CPU
		{DE935C6C-F631-46EA-91B1-3A5F1BDAB427}.Release|Any CPU.Build.0 = Release|Any CPU
		{DE935C6C-F631-46EA-91B1-3A5F1BDAB427}.Release|ARM.ActiveCfg = Release|Any CPU
		{DE935C6C-F631-46EA-91B1-3A5F1BDAB427}.Release|x64.ActiveCfg = Release|Any CPU
		{DE935C6C-F631-46EA-91B1-3A5F1BDAB427}.Release|x86.ActiveCfg = Release|Any CPU
		{C1BBF557-EEA4-4D93-AB1C-4949AE6DA0FF}.Debug|Any CPU.ActiveCfg = Debug|Any CPU
		{C1BBF557-EEA4-4D93-AB1C-4949AE6DA0FF}.Debug|Any CPU.Build.0 = Debug|Any CPU
		{C1BBF557-EEA4-4D93-AB1C-4949AE6DA0FF}.Debug|ARM.ActiveCfg = Debug|ARM
		{C1BBF557-EEA4-4D93-AB1C-4949AE6DA0FF}.Debug|ARM.Build.0 = Debug|ARM
		{C1BBF557-EEA4-4D93-AB1C-4949AE6DA0FF}.Debug|x64.ActiveCfg = Debug|Any CPU
		{C1BBF557-EEA4-4D93-AB1C-4949AE6DA0FF}.Debug|x86.ActiveCfg = Debug|x86
		{C1BBF557-EEA4-4D93-AB1C-4949AE6DA0FF}.Debug|x86.Build.0 = Debug|x86
		{C1BBF557-EEA4-4D93-AB1C-4949AE6DA0FF}.Release|Any CPU.ActiveCfg = Release|Any CPU
		{C1BBF557-EEA4-4D93-AB1C-4949AE6DA0FF}.Release|Any CPU.Build.0 = Release|Any CPU
		{C1BBF557-EEA4-4D93-AB1C-4949AE6DA0FF}.Release|ARM.ActiveCfg = Release|ARM
		{C1BBF557-EEA4-4D93-AB1C-4949AE6DA0FF}.Release|ARM.Build.0 = Release|ARM
		{C1BBF557-EEA4-4D93-AB1C-4949AE6DA0FF}.Release|x64.ActiveCfg = Release|Any CPU
		{C1BBF557-EEA4-4D93-AB1C-4949AE6DA0FF}.Release|x86.ActiveCfg = Release|x86
		{C1BBF557-EEA4-4D93-AB1C-4949AE6DA0FF}.Release|x86.Build.0 = Release|x86
		{A8676CFB-3FF6-446E-9F66-54CA7848431C}.Debug|Any CPU.ActiveCfg = Debug|Any CPU
		{A8676CFB-3FF6-446E-9F66-54CA7848431C}.Debug|Any CPU.Build.0 = Debug|Any CPU
		{A8676CFB-3FF6-446E-9F66-54CA7848431C}.Debug|ARM.ActiveCfg = Debug|ARM
		{A8676CFB-3FF6-446E-9F66-54CA7848431C}.Debug|ARM.Build.0 = Debug|ARM
		{A8676CFB-3FF6-446E-9F66-54CA7848431C}.Debug|x64.ActiveCfg = Debug|x64
		{A8676CFB-3FF6-446E-9F66-54CA7848431C}.Debug|x64.Build.0 = Debug|x64
		{A8676CFB-3FF6-446E-9F66-54CA7848431C}.Debug|x86.ActiveCfg = Debug|x86
		{A8676CFB-3FF6-446E-9F66-54CA7848431C}.Debug|x86.Build.0 = Debug|x86
		{A8676CFB-3FF6-446E-9F66-54CA7848431C}.Release|Any CPU.ActiveCfg = Release|Any CPU
		{A8676CFB-3FF6-446E-9F66-54CA7848431C}.Release|Any CPU.Build.0 = Release|Any CPU
		{A8676CFB-3FF6-446E-9F66-54CA7848431C}.Release|ARM.ActiveCfg = Release|ARM
		{A8676CFB-3FF6-446E-9F66-54CA7848431C}.Release|ARM.Build.0 = Release|ARM
		{A8676CFB-3FF6-446E-9F66-54CA7848431C}.Release|x64.ActiveCfg = Release|x64
		{A8676CFB-3FF6-446E-9F66-54CA7848431C}.Release|x64.Build.0 = Release|x64
		{A8676CFB-3FF6-446E-9F66-54CA7848431C}.Release|x86.ActiveCfg = Release|x86
		{A8676CFB-3FF6-446E-9F66-54CA7848431C}.Release|x86.Build.0 = Release|x86
		{00F8F6FB-DA15-49FE-B1A6-FC5FBF38366B}.Debug|Any CPU.ActiveCfg = Debug|Any CPU
		{00F8F6FB-DA15-49FE-B1A6-FC5FBF38366B}.Debug|Any CPU.Build.0 = Debug|Any CPU
		{00F8F6FB-DA15-49FE-B1A6-FC5FBF38366B}.Debug|Any CPU.Deploy.0 = Debug|Any CPU
		{00F8F6FB-DA15-49FE-B1A6-FC5FBF38366B}.Debug|ARM.ActiveCfg = Debug|ARM
		{00F8F6FB-DA15-49FE-B1A6-FC5FBF38366B}.Debug|ARM.Build.0 = Debug|ARM
		{00F8F6FB-DA15-49FE-B1A6-FC5FBF38366B}.Debug|ARM.Deploy.0 = Debug|ARM
		{00F8F6FB-DA15-49FE-B1A6-FC5FBF38366B}.Debug|x64.ActiveCfg = Debug|Any CPU
		{00F8F6FB-DA15-49FE-B1A6-FC5FBF38366B}.Debug|x86.ActiveCfg = Debug|x86
		{00F8F6FB-DA15-49FE-B1A6-FC5FBF38366B}.Debug|x86.Build.0 = Debug|x86
		{00F8F6FB-DA15-49FE-B1A6-FC5FBF38366B}.Debug|x86.Deploy.0 = Debug|x86
		{00F8F6FB-DA15-49FE-B1A6-FC5FBF38366B}.Release|Any CPU.ActiveCfg = Release|Any CPU
		{00F8F6FB-DA15-49FE-B1A6-FC5FBF38366B}.Release|Any CPU.Build.0 = Release|Any CPU
		{00F8F6FB-DA15-49FE-B1A6-FC5FBF38366B}.Release|Any CPU.Deploy.0 = Release|Any CPU
		{00F8F6FB-DA15-49FE-B1A6-FC5FBF38366B}.Release|ARM.ActiveCfg = Release|ARM
		{00F8F6FB-DA15-49FE-B1A6-FC5FBF38366B}.Release|ARM.Build.0 = Release|ARM
		{00F8F6FB-DA15-49FE-B1A6-FC5FBF38366B}.Release|ARM.Deploy.0 = Release|ARM
		{00F8F6FB-DA15-49FE-B1A6-FC5FBF38366B}.Release|x64.ActiveCfg = Release|Any CPU
		{00F8F6FB-DA15-49FE-B1A6-FC5FBF38366B}.Release|x86.ActiveCfg = Release|x86
		{00F8F6FB-DA15-49FE-B1A6-FC5FBF38366B}.Release|x86.Build.0 = Release|x86
		{00F8F6FB-DA15-49FE-B1A6-FC5FBF38366B}.Release|x86.Deploy.0 = Release|x86
		{D40C5E97-16A3-4651-89FF-9A30D87E0770}.Debug|Any CPU.ActiveCfg = Debug|Any CPU
		{D40C5E97-16A3-4651-89FF-9A30D87E0770}.Debug|Any CPU.Build.0 = Debug|Any CPU
		{D40C5E97-16A3-4651-89FF-9A30D87E0770}.Debug|ARM.ActiveCfg = Debug|ARM
		{D40C5E97-16A3-4651-89FF-9A30D87E0770}.Debug|ARM.Build.0 = Debug|ARM
		{D40C5E97-16A3-4651-89FF-9A30D87E0770}.Debug|x64.ActiveCfg = Debug|Any CPU
		{D40C5E97-16A3-4651-89FF-9A30D87E0770}.Debug|x86.ActiveCfg = Debug|x86
		{D40C5E97-16A3-4651-89FF-9A30D87E0770}.Debug|x86.Build.0 = Debug|x86
		{D40C5E97-16A3-4651-89FF-9A30D87E0770}.Release|Any CPU.ActiveCfg = Release|Any CPU
		{D40C5E97-16A3-4651-89FF-9A30D87E0770}.Release|Any CPU.Build.0 = Release|Any CPU
		{D40C5E97-16A3-4651-89FF-9A30D87E0770}.Release|ARM.ActiveCfg = Release|ARM
		{D40C5E97-16A3-4651-89FF-9A30D87E0770}.Release|ARM.Build.0 = Release|ARM
		{D40C5E97-16A3-4651-89FF-9A30D87E0770}.Release|x64.ActiveCfg = Release|Any CPU
		{D40C5E97-16A3-4651-89FF-9A30D87E0770}.Release|x86.ActiveCfg = Release|x86
		{D40C5E97-16A3-4651-89FF-9A30D87E0770}.Release|x86.Build.0 = Release|x86
		{4F55B516-B3D4-4FCB-9A1C-09BE4FA7D0B1}.Debug|Any CPU.ActiveCfg = Debug|Any CPU
		{4F55B516-B3D4-4FCB-9A1C-09BE4FA7D0B1}.Debug|Any CPU.Build.0 = Debug|Any CPU
		{4F55B516-B3D4-4FCB-9A1C-09BE4FA7D0B1}.Debug|ARM.ActiveCfg = Debug|ARM
		{4F55B516-B3D4-4FCB-9A1C-09BE4FA7D0B1}.Debug|ARM.Build.0 = Debug|ARM
		{4F55B516-B3D4-4FCB-9A1C-09BE4FA7D0B1}.Debug|x64.ActiveCfg = Debug|Any CPU
		{4F55B516-B3D4-4FCB-9A1C-09BE4FA7D0B1}.Debug|x86.ActiveCfg = Debug|x86
		{4F55B516-B3D4-4FCB-9A1C-09BE4FA7D0B1}.Debug|x86.Build.0 = Debug|x86
		{4F55B516-B3D4-4FCB-9A1C-09BE4FA7D0B1}.Release|Any CPU.ActiveCfg = Release|Any CPU
		{4F55B516-B3D4-4FCB-9A1C-09BE4FA7D0B1}.Release|Any CPU.Build.0 = Release|Any CPU
		{4F55B516-B3D4-4FCB-9A1C-09BE4FA7D0B1}.Release|ARM.ActiveCfg = Release|ARM
		{4F55B516-B3D4-4FCB-9A1C-09BE4FA7D0B1}.Release|ARM.Build.0 = Release|ARM
		{4F55B516-B3D4-4FCB-9A1C-09BE4FA7D0B1}.Release|x64.ActiveCfg = Release|Any CPU
		{4F55B516-B3D4-4FCB-9A1C-09BE4FA7D0B1}.Release|x86.ActiveCfg = Release|x86
		{4F55B516-B3D4-4FCB-9A1C-09BE4FA7D0B1}.Release|x86.Build.0 = Release|x86
		{6580F86A-E5DE-4729-A9CD-7EFB50375619}.Debug|Any CPU.ActiveCfg = Debug|Any CPU
		{6580F86A-E5DE-4729-A9CD-7EFB50375619}.Debug|Any CPU.Build.0 = Debug|Any CPU
		{6580F86A-E5DE-4729-A9CD-7EFB50375619}.Debug|Any CPU.Deploy.0 = Debug|Any CPU
		{6580F86A-E5DE-4729-A9CD-7EFB50375619}.Debug|ARM.ActiveCfg = Debug|ARM
		{6580F86A-E5DE-4729-A9CD-7EFB50375619}.Debug|ARM.Build.0 = Debug|ARM
		{6580F86A-E5DE-4729-A9CD-7EFB50375619}.Debug|ARM.Deploy.0 = Debug|ARM
		{6580F86A-E5DE-4729-A9CD-7EFB50375619}.Debug|x64.ActiveCfg = Debug|Any CPU
		{6580F86A-E5DE-4729-A9CD-7EFB50375619}.Debug|x86.ActiveCfg = Debug|x86
		{6580F86A-E5DE-4729-A9CD-7EFB50375619}.Debug|x86.Build.0 = Debug|x86
		{6580F86A-E5DE-4729-A9CD-7EFB50375619}.Debug|x86.Deploy.0 = Debug|x86
		{6580F86A-E5DE-4729-A9CD-7EFB50375619}.Release|Any CPU.ActiveCfg = Release|Any CPU
		{6580F86A-E5DE-4729-A9CD-7EFB50375619}.Release|Any CPU.Build.0 = Release|Any CPU
		{6580F86A-E5DE-4729-A9CD-7EFB50375619}.Release|Any CPU.Deploy.0 = Release|Any CPU
		{6580F86A-E5DE-4729-A9CD-7EFB50375619}.Release|ARM.ActiveCfg = Release|ARM
		{6580F86A-E5DE-4729-A9CD-7EFB50375619}.Release|ARM.Build.0 = Release|ARM
		{6580F86A-E5DE-4729-A9CD-7EFB50375619}.Release|ARM.Deploy.0 = Release|ARM
		{6580F86A-E5DE-4729-A9CD-7EFB50375619}.Release|x64.ActiveCfg = Release|Any CPU
		{6580F86A-E5DE-4729-A9CD-7EFB50375619}.Release|x86.ActiveCfg = Release|x86
		{6580F86A-E5DE-4729-A9CD-7EFB50375619}.Release|x86.Build.0 = Release|x86
		{6580F86A-E5DE-4729-A9CD-7EFB50375619}.Release|x86.Deploy.0 = Release|x86
		{6334042D-46F4-4F63-9742-FCE7DD564941}.Debug|Any CPU.ActiveCfg = Debug|Any CPU
		{6334042D-46F4-4F63-9742-FCE7DD564941}.Debug|Any CPU.Build.0 = Debug|Any CPU
		{6334042D-46F4-4F63-9742-FCE7DD564941}.Debug|Any CPU.Deploy.0 = Debug|Any CPU
		{6334042D-46F4-4F63-9742-FCE7DD564941}.Debug|ARM.ActiveCfg = Debug|ARM
		{6334042D-46F4-4F63-9742-FCE7DD564941}.Debug|ARM.Build.0 = Debug|ARM
		{6334042D-46F4-4F63-9742-FCE7DD564941}.Debug|ARM.Deploy.0 = Debug|ARM
		{6334042D-46F4-4F63-9742-FCE7DD564941}.Debug|x64.ActiveCfg = Debug|Any CPU
		{6334042D-46F4-4F63-9742-FCE7DD564941}.Debug|x86.ActiveCfg = Debug|x86
		{6334042D-46F4-4F63-9742-FCE7DD564941}.Debug|x86.Build.0 = Debug|x86
		{6334042D-46F4-4F63-9742-FCE7DD564941}.Debug|x86.Deploy.0 = Debug|x86
		{6334042D-46F4-4F63-9742-FCE7DD564941}.Release|Any CPU.ActiveCfg = Release|Any CPU
		{6334042D-46F4-4F63-9742-FCE7DD564941}.Release|Any CPU.Build.0 = Release|Any CPU
		{6334042D-46F4-4F63-9742-FCE7DD564941}.Release|Any CPU.Deploy.0 = Release|Any CPU
		{6334042D-46F4-4F63-9742-FCE7DD564941}.Release|ARM.ActiveCfg = Release|ARM
		{6334042D-46F4-4F63-9742-FCE7DD564941}.Release|ARM.Build.0 = Release|ARM
		{6334042D-46F4-4F63-9742-FCE7DD564941}.Release|ARM.Deploy.0 = Release|ARM
		{6334042D-46F4-4F63-9742-FCE7DD564941}.Release|x64.ActiveCfg = Release|Any CPU
		{6334042D-46F4-4F63-9742-FCE7DD564941}.Release|x86.ActiveCfg = Release|x86
		{6334042D-46F4-4F63-9742-FCE7DD564941}.Release|x86.Build.0 = Release|x86
		{6334042D-46F4-4F63-9742-FCE7DD564941}.Release|x86.Deploy.0 = Release|x86
		{B49F93C4-D44A-4B5D-96B6-99936D3ED595}.Debug|Any CPU.ActiveCfg = Debug|Any CPU
		{B49F93C4-D44A-4B5D-96B6-99936D3ED595}.Debug|Any CPU.Build.0 = Debug|Any CPU
		{B49F93C4-D44A-4B5D-96B6-99936D3ED595}.Debug|ARM.ActiveCfg = Debug|ARM
		{B49F93C4-D44A-4B5D-96B6-99936D3ED595}.Debug|ARM.Build.0 = Debug|ARM
		{B49F93C4-D44A-4B5D-96B6-99936D3ED595}.Debug|x64.ActiveCfg = Debug|Any CPU
		{B49F93C4-D44A-4B5D-96B6-99936D3ED595}.Debug|x86.ActiveCfg = Debug|x86
		{B49F93C4-D44A-4B5D-96B6-99936D3ED595}.Debug|x86.Build.0 = Debug|x86
		{B49F93C4-D44A-4B5D-96B6-99936D3ED595}.Release|Any CPU.ActiveCfg = Release|Any CPU
		{B49F93C4-D44A-4B5D-96B6-99936D3ED595}.Release|Any CPU.Build.0 = Release|Any CPU
		{B49F93C4-D44A-4B5D-96B6-99936D3ED595}.Release|ARM.ActiveCfg = Release|ARM
		{B49F93C4-D44A-4B5D-96B6-99936D3ED595}.Release|ARM.Build.0 = Release|ARM
		{B49F93C4-D44A-4B5D-96B6-99936D3ED595}.Release|x64.ActiveCfg = Release|Any CPU
		{B49F93C4-D44A-4B5D-96B6-99936D3ED595}.Release|x86.ActiveCfg = Release|x86
		{B49F93C4-D44A-4B5D-96B6-99936D3ED595}.Release|x86.Build.0 = Release|x86
		{38A58BED-2BCF-4385-888F-7E19FBA2CAB2}.Debug|Any CPU.ActiveCfg = Debug|Any CPU
		{38A58BED-2BCF-4385-888F-7E19FBA2CAB2}.Debug|Any CPU.Build.0 = Debug|Any CPU
		{38A58BED-2BCF-4385-888F-7E19FBA2CAB2}.Debug|ARM.ActiveCfg = Debug|ARM
		{38A58BED-2BCF-4385-888F-7E19FBA2CAB2}.Debug|ARM.Build.0 = Debug|ARM
		{38A58BED-2BCF-4385-888F-7E19FBA2CAB2}.Debug|x64.ActiveCfg = Debug|Any CPU
		{38A58BED-2BCF-4385-888F-7E19FBA2CAB2}.Debug|x86.ActiveCfg = Debug|x86
		{38A58BED-2BCF-4385-888F-7E19FBA2CAB2}.Debug|x86.Build.0 = Debug|x86
		{38A58BED-2BCF-4385-888F-7E19FBA2CAB2}.Release|Any CPU.ActiveCfg = Release|Any CPU
		{38A58BED-2BCF-4385-888F-7E19FBA2CAB2}.Release|Any CPU.Build.0 = Release|Any CPU
		{38A58BED-2BCF-4385-888F-7E19FBA2CAB2}.Release|ARM.ActiveCfg = Release|ARM
		{38A58BED-2BCF-4385-888F-7E19FBA2CAB2}.Release|ARM.Build.0 = Release|ARM
		{38A58BED-2BCF-4385-888F-7E19FBA2CAB2}.Release|x64.ActiveCfg = Release|Any CPU
		{38A58BED-2BCF-4385-888F-7E19FBA2CAB2}.Release|x86.ActiveCfg = Release|x86
		{38A58BED-2BCF-4385-888F-7E19FBA2CAB2}.Release|x86.Build.0 = Release|x86
		{80368326-8FD8-4893-937F-D75ED34A9019}.Debug|Any CPU.ActiveCfg = Debug|Any CPU
		{80368326-8FD8-4893-937F-D75ED34A9019}.Debug|Any CPU.Build.0 = Debug|Any CPU
		{80368326-8FD8-4893-937F-D75ED34A9019}.Debug|Any CPU.Deploy.0 = Debug|Any CPU
		{80368326-8FD8-4893-937F-D75ED34A9019}.Debug|ARM.ActiveCfg = Debug|Any CPU
		{80368326-8FD8-4893-937F-D75ED34A9019}.Debug|x64.ActiveCfg = Debug|Any CPU
		{80368326-8FD8-4893-937F-D75ED34A9019}.Debug|x86.ActiveCfg = Debug|Any CPU
		{80368326-8FD8-4893-937F-D75ED34A9019}.Release|Any CPU.ActiveCfg = Release|Any CPU
		{80368326-8FD8-4893-937F-D75ED34A9019}.Release|Any CPU.Build.0 = Release|Any CPU
		{80368326-8FD8-4893-937F-D75ED34A9019}.Release|Any CPU.Deploy.0 = Release|Any CPU
		{80368326-8FD8-4893-937F-D75ED34A9019}.Release|ARM.ActiveCfg = Release|Any CPU
		{80368326-8FD8-4893-937F-D75ED34A9019}.Release|x64.ActiveCfg = Release|Any CPU
		{80368326-8FD8-4893-937F-D75ED34A9019}.Release|x86.ActiveCfg = Release|Any CPU
	EndGlobalSection
	GlobalSection(SolutionProperties) = preSolution
		HideSolutionNode = FALSE
	EndGlobalSection
	GlobalSection(NestedProjects) = preSolution
		{32B20BA0-DF45-41F4-8307-6C99B07BE640} = {219A4AC4-96DD-4FB9-81EE-E9CCA5D9C889}
		{FCDF0C93-3C52-4AF0-8805-0ABEAAFDDB1B} = {C860D0A4-7E1E-46B0-B27E-ABCE96852154}
		{AA139F1D-D9AD-4DD8-98B0-6A7EEC240D49} = {C860D0A4-7E1E-46B0-B27E-ABCE96852154}
		{DE935C6C-F631-46EA-91B1-3A5F1BDAB427} = {C860D0A4-7E1E-46B0-B27E-ABCE96852154}
		{C1BBF557-EEA4-4D93-AB1C-4949AE6DA0FF} = {C860D0A4-7E1E-46B0-B27E-ABCE96852154}
		{A8676CFB-3FF6-446E-9F66-54CA7848431C} = {C860D0A4-7E1E-46B0-B27E-ABCE96852154}
		{00F8F6FB-DA15-49FE-B1A6-FC5FBF38366B} = {B7ACA1F4-2228-4D40-8AF0-EE58330DFFF4}
		{D40C5E97-16A3-4651-89FF-9A30D87E0770} = {B7ACA1F4-2228-4D40-8AF0-EE58330DFFF4}
		{4F55B516-B3D4-4FCB-9A1C-09BE4FA7D0B1} = {B7ACA1F4-2228-4D40-8AF0-EE58330DFFF4}
		{6334042D-46F4-4F63-9742-FCE7DD564941} = {B7ACA1F4-2228-4D40-8AF0-EE58330DFFF4}
		{38A58BED-2BCF-4385-888F-7E19FBA2CAB2} = {11A5A1B9-63A2-4807-B33C-5FC59F1B3E69}
		{6580F86A-E5DE-4729-A9CD-7EFB50375619} = {11A5A1B9-63A2-4807-B33C-5FC59F1B3E69}
		{B49F93C4-D44A-4B5D-96B6-99936D3ED595} = {0A54C733-1354-44F5-826B-57D93E7EC3F7}
		{80368326-8FD8-4893-937F-D75ED34A9019} = {E0609847-4C42-4929-A91A-F0C19340A9E9}
	EndGlobalSection
EndGlobal
